PODS:
  - DashdevsNetworking (0.0.8)

DEPENDENCIES:
  - DashdevsNetworking (from `../`)

EXTERNAL SOURCES:
  DashdevsNetworking:
    :path: "../"

SPEC CHECKSUMS:
  DashdevsNetworking: 314d690c9da99eb1f5648935ac9548c948b9c9d6

PODFILE CHECKSUM: 2be2200ac172d7389afec7faed29c09c3f7141a0

COCOAPODS: 1.10.0
